
Microsoft Visual Studio Solution File, Format Version 12.00
# Visual Studio Version 17
VisualStudioVersion = 17.9.34728.123
MinimumVisualStudioVersion = 10.0.40219.1
Project("{FAE04EC0-301F-11D3-BF4B-00C04F79EFBC}") = "SessionNumber2", "SessionNumber2\SessionNumber2.csproj", "{BD68E890-5A1B-43EF-9EC3-B4FBE4409DC6}"
EndProject
Global
	GlobalSection(SolutionConfigurationPlatforms) = preSolution
		Debug|Any CPU = Debug|Any CPU
		Release|Any CPU = Release|Any CPU
	EndGlobalSection
	GlobalSection(ProjectConfigurationPlatforms) = postSolution
		{BD68E890-5A1B-43EF-9EC3-B4FBE4409DC6}.Debug|Any CPU.ActiveCfg = Debug|Any CPU
		{BD68E890-5A1B-43EF-9EC3-B4FBE4409DC6}.Debug|Any CPU.Build.0 = Debug|Any CPU
		{BD68E890-5A1B-43EF-9EC3-B4FBE4409DC6}.Release|Any CPU.ActiveCfg = Release|Any CPU
		{BD68E890-5A1B-43EF-9EC3-B4FBE4409DC6}.Release|Any CPU.Build.0 = Release|Any CPU
	EndGlobalSection
	GlobalSection(SolutionProperties) = preSolution
		HideSolutionNode = FALSE
	EndGlobalSection
	GlobalSection(ExtensibilityGlobals) = postSolution
		SolutionGuid = {225AD170-5D1A-494A-BD3D-1D1F6F91ECF0}
	EndGlobalSection
EndGlobal
