
Microsoft Visual Studio Solution File, Format Version 12.00
# Visual Studio Version 17
VisualStudioVersion = 17.9.34728.123
MinimumVisualStudioVersion = 10.0.40219.1
Project("{FAE04EC0-301F-11D3-BF4B-00C04F79EFBC}") = "SessionNumber9", "SessionNumber9\SessionNumber9.csproj", "{23EDDBFF-1EF6-4E58-87C8-74FF5472637C}"
EndProject
Global
	GlobalSection(SolutionConfigurationPlatforms) = preSolution
		Debug|Any CPU = Debug|Any CPU
		Release|Any CPU = Release|Any CPU
	EndGlobalSection
	GlobalSection(ProjectConfigurationPlatforms) = postSolution
		{23EDDBFF-1EF6-4E58-87C8-74FF5472637C}.Debug|Any CPU.ActiveCfg = Debug|Any CPU
		{23EDDBFF-1EF6-4E58-87C8-74FF5472637C}.Debug|Any CPU.Build.0 = Debug|Any CPU
		{23EDDBFF-1EF6-4E58-87C8-74FF5472637C}.Release|Any CPU.ActiveCfg = Release|Any CPU
		{23EDDBFF-1EF6-4E58-87C8-74FF5472637C}.Release|Any CPU.Build.0 = Release|Any CPU
	EndGlobalSection
	GlobalSection(SolutionProperties) = preSolution
		HideSolutionNode = FALSE
	EndGlobalSection
	GlobalSection(ExtensibilityGlobals) = postSolution
		SolutionGuid = {3C78D434-11A3-4003-97B4-B564266B9473}
	EndGlobalSection
EndGlobal
